// !$*UTF8*$!
{
	archiveVersion = 1;
	classes = {
	};
	objectVersion = 50;
	objects = {

/* Begin PBXBuildFile section */
		66A306BF25AC260A00083BE5 /* AppDelegate.swift in Sources */ = {isa = PBXBuildFile; fileRef = 66A306BE25AC260A00083BE5 /* AppDelegate.swift */; };
		66A306C325AC260A00083BE5 /* ViewController.swift in Sources */ = {isa = PBXBuildFile; fileRef = 66A306C225AC260A00083BE5 /* ViewController.swift */; };
		66A306C825AC260B00083BE5 /* Assets.xcassets in Resources */ = {isa = PBXBuildFile; fileRef = 66A306C725AC260B00083BE5 /* Assets.xcassets */; };
		66A306CB25AC260B00083BE5 /* LaunchScreen.storyboard in Resources */ = {isa = PBXBuildFile; fileRef = 66A306C925AC260B00083BE5 /* LaunchScreen.storyboard */; };
		66A306D425AC261800083BE5 /* Complicated.mid in Resources */ = {isa = PBXBuildFile; fileRef = 66A306D325AC261800083BE5 /* Complicated.mid */; };
		66A306D825AC262500083BE5 /* TimGM6mb.sf2 in Resources */ = {isa = PBXBuildFile; fileRef = 66A306D725AC262100083BE5 /* TimGM6mb.sf2 */; };
		66A3073125AC311B00083BE5 /* Sounds.sf2 in Resources */ = {isa = PBXBuildFile; fileRef = 66A3073025AC311B00083BE5 /* Sounds.sf2 */; };
/* End PBXBuildFile section */

/* Begin PBXFileReference section */
		66A306BB25AC260A00083BE5 /* AVMIDIPlayerSanityCheck.app */ = {isa = PBXFileReference; explicitFileType = wrapper.application; includeInIndex = 0; path = AVMIDIPlayerSanityCheck.app; sourceTree = BUILT_PRODUCTS_DIR; };
		66A306BE25AC260A00083BE5 /* AppDelegate.swift */ = {isa = PBXFileReference; lastKnownFileType = sourcecode.swift; path = AppDelegate.swift; sourceTree = "<group>"; };
		66A306C225AC260A00083BE5 /* ViewController.swift */ = {isa = PBXFileReference; lastKnownFileType = sourcecode.swift; path = ViewController.swift; sourceTree = "<group>"; };
		66A306C725AC260B00083BE5 /* Assets.xcassets */ = {isa = PBXFileReference; lastKnownFileType = folder.assetcatalog; path = Assets.xcassets; sourceTree = "<group>"; };
		66A306CA25AC260B00083BE5 /* Base */ = {isa = PBXFileReference; lastKnownFileType = file.storyboard; name = Base; path = Base.lproj/LaunchScreen.storyboard; sourceTree = "<group>"; };
		66A306CC25AC260B00083BE5 /* Info.plist */ = {isa = PBXFileReference; lastKnownFileType = text.plist.xml; path = Info.plist; sourceTree = "<group>"; };
		66A306D325AC261800083BE5 /* Complicated.mid */ = {isa = PBXFileReference; lastKnownFileType = audio.midi; path = Complicated.mid; sourceTree = "<group>"; };
		66A306D725AC262100083BE5 /* TimGM6mb.sf2 */ = {isa = PBXFileReference; lastKnownFileType = file; path = TimGM6mb.sf2; sourceTree = "<group>"; };
		66A3073025AC311B00083BE5 /* Sounds.sf2 */ = {isa = PBXFileReference; lastKnownFileType = file; path = Sounds.sf2; sourceTree = "<group>"; };
/* End PBXFileReference section */

/* Begin PBXFrameworksBuildPhase section */
		66A306B825AC260A00083BE5 /* Frameworks */ = {
			isa = PBXFrameworksBuildPhase;
			buildActionMask = 2147483647;
			files = (
			);
			runOnlyForDeploymentPostprocessing = 0;
		};
/* End PBXFrameworksBuildPhase section */

/* Begin PBXGroup section */
		66A306B225AC260A00083BE5 = {
			isa = PBXGroup;
			children = (
				66A306BD25AC260A00083BE5 /* AVMIDIPlayerSanityCheck */,
				66A306BC25AC260A00083BE5 /* Products */,
			);
			sourceTree = "<group>";
		};
		66A306BC25AC260A00083BE5 /* Products */ = {
			isa = PBXGroup;
			children = (
				66A306BB25AC260A00083BE5 /* AVMIDIPlayerSanityCheck.app */,
			);
			name = Products;
			sourceTree = "<group>";
		};
		66A306BD25AC260A00083BE5 /* AVMIDIPlayerSanityCheck */ = {
			isa = PBXGroup;
			children = (
				66A306DA25AC262A00083BE5 /* Assets */,
				66A306BE25AC260A00083BE5 /* AppDelegate.swift */,
				66A306C225AC260A00083BE5 /* ViewController.swift */,
				66A306C725AC260B00083BE5 /* Assets.xcassets */,
				66A306C925AC260B00083BE5 /* LaunchScreen.storyboard */,
				66A306CC25AC260B00083BE5 /* Info.plist */,
			);
			path = AVMIDIPlayerSanityCheck;
			sourceTree = "<group>";
		};
		66A306DA25AC262A00083BE5 /* Assets */ = {
			isa = PBXGroup;
			children = (
				66A306DB25AC263700083BE5 /* MIDI */,
				66A306DC25AC264200083BE5 /* Soundfont */,
			);
			path = Assets;
			sourceTree = "<group>";
		};
		66A306DB25AC263700083BE5 /* MIDI */ = {
			isa = PBXGroup;
			children = (
				66A306D325AC261800083BE5 /* Complicated.mid */,
			);
			path = MIDI;
			sourceTree = "<group>";
		};
		66A306DC25AC264200083BE5 /* Soundfont */ = {
			isa = PBXGroup;
			children = (
				66A3073025AC311B00083BE5 /* Sounds.sf2 */,
				66A306D725AC262100083BE5 /* TimGM6mb.sf2 */,
			);
			path = Soundfont;
			sourceTree = "<group>";
		};
/* End PBXGroup section */

/* Begin PBXNativeTarget section */
		66A306BA25AC260A00083BE5 /* AVMIDIPlayerSanityCheck */ = {
			isa = PBXNativeTarget;
			buildConfigurationList = 66A306CF25AC260B00083BE5 /* Build configuration list for PBXNativeTarget "AVMIDIPlayerSanityCheck" */;
			buildPhases = (
				66A306B725AC260A00083BE5 /* Sources */,
				66A306B825AC260A00083BE5 /* Frameworks */,
				66A306B925AC260A00083BE5 /* Resources */,
			);
			buildRules = (
			);
			dependencies = (
			);
			name = AVMIDIPlayerSanityCheck;
			productName = AVMIDIPlayerSanityCheck;
			productReference = 66A306BB25AC260A00083BE5 /* AVMIDIPlayerSanityCheck.app */;
			productType = "com.apple.product-type.application";
		};
/* End PBXNativeTarget section */

/* Begin PBXProject section */
		66A306B325AC260A00083BE5 /* Project object */ = {
			isa = PBXProject;
			attributes = {
				LastSwiftUpdateCheck = 1230;
				LastUpgradeCheck = 1230;
				TargetAttributes = {
					66A306BA25AC260A00083BE5 = {
						CreatedOnToolsVersion = 12.3;
					};
				};
			};
			buildConfigurationList = 66A306B625AC260A00083BE5 /* Build configuration list for PBXProject "AVMIDIPlayerSanityCheck" */;
			compatibilityVersion = "Xcode 9.3";
			developmentRegion = en;
			hasScannedForEncodings = 0;
			knownRegions = (
				en,
				Base,
			);
			mainGroup = 66A306B225AC260A00083BE5;
			productRefGroup = 66A306BC25AC260A00083BE5 /* Products */;
			projectDirPath = "";
			projectRoot = "";
			targets = (
				66A306BA25AC260A00083BE5 /* AVMIDIPlayerSanityCheck */,
			);
		};
/* End PBXProject section */

/* Begin PBXResourcesBuildPhase section */
		66A306B925AC260A00083BE5 /* Resources */ = {
			isa = PBXResourcesBuildPhase;
			buildActionMask = 2147483647;
			files = (
				66A306D425AC261800083BE5 /* Complicated.mid in Resources */,
				66A306CB25AC260B00083BE5 /* LaunchScreen.storyboard in Resources */,
				66A3073125AC311B00083BE5 /* Sounds.sf2 in Resources */,
				66A306C825AC260B00083BE5 /* Assets.xcassets in Resources */,
				66A306D825AC262500083BE5 /* TimGM6mb.sf2 in Resources */,
			);
			runOnlyForDeploymentPostprocessing = 0;
		};
/* End PBXResourcesBuildPhase section */

/* Begin PBXSourcesBuildPhase section */
		66A306B725AC260A00083BE5 /* Sources */ = {
			isa = PBXSourcesBuildPhase;
			buildActionMask = 2147483647;
			files = (
				66A306C325AC260A00083BE5 /* ViewController.swift in Sources */,
				66A306BF25AC260A00083BE5 /* AppDelegate.swift in Sources */,
			);
			runOnlyForDeploymentPostprocessing = 0;
		};
/* End PBXSourcesBuildPhase section */

/* Begin PBXVariantGroup section */
		66A306C925AC260B00083BE5 /* LaunchScreen.storyboard */ = {
			isa = PBXVariantGroup;
			children = (
				66A306CA25AC260B00083BE5 /* Base */,
			);
			name = LaunchScreen.storyboard;
			sourceTree = "<group>";
		};
/* End PBXVariantGroup section */

/* Begin XCBuildConfiguration section */
		66A306CD25AC260B00083BE5 /* Debug */ = {
			isa = XCBuildConfiguration;
			buildSettings = {
				ALWAYS_SEARCH_USER_PATHS = NO;
				CLANG_ANALYZER_NONNULL = YES;
				CLANG_ANALYZER_NUMBER_OBJECT_CONVERSION = YES_AGGRESSIVE;
				CLANG_CXX_LANGUAGE_STANDARD = "gnu++14";
				CLANG_CXX_LIBRARY = "libc++";
				CLANG_ENABLE_MODULES = YES;
				CLANG_ENABLE_OBJC_ARC = YES;
				CLANG_ENABLE_OBJC_WEAK = YES;
				CLANG_WARN_BLOCK_CAPTURE_AUTORELEASING = YES;
				CLANG_WARN_BOOL_CONVERSION = YES;
				CLANG_WARN_COMMA = YES;
				CLANG_WARN_CONSTANT_CONVERSION = YES;
				CLANG_WARN_DEPRECATED_OBJC_IMPLEMENTATIONS = YES;
				CLANG_WARN_DIRECT_OBJC_ISA_USAGE = YES_ERROR;
				CLANG_WARN_DOCUMENTATION_COMMENTS = YES;
				CLANG_WARN_EMPTY_BODY = YES;
				CLANG_WARN_ENUM_CONVERSION = YES;
				CLANG_WARN_INFINITE_RECURSION = YES;
				CLANG_WARN_INT_CONVERSION = YES;
				CLANG_WARN_NON_LITERAL_NULL_CONVERSION = YES;
				CLANG_WARN_OBJC_IMPLICIT_RETAIN_SELF = YES;
				CLANG_WARN_OBJC_LITERAL_CONVERSION = YES;
				CLANG_WARN_OBJC_ROOT_CLASS = YES_ERROR;
				CLANG_WARN_QUOTED_INCLUDE_IN_FRAMEWORK_HEADER = YES;
				CLANG_WARN_RANGE_LOOP_ANALYSIS = YES;
				CLANG_WARN_STRICT_PROTOTYPES = YES;
				CLANG_WARN_SUSPICIOUS_MOVE = YES;
				CLANG_WARN_UNGUARDED_AVAILABILITY = YES_AGGRESSIVE;
				CLANG_WARN_UNREACHABLE_CODE = YES;
				CLANG_WARN__DUPLICATE_METHOD_MATCH = YES;
				COPY_PHASE_STRIP = NO;
				DEBUG_INFORMATION_FORMAT = dwarf;
				ENABLE_STRICT_OBJC_MSGSEND = YES;
				ENABLE_TESTABILITY = YES;
				GCC_C_LANGUAGE_STANDARD = gnu11;
				GCC_DYNAMIC_NO_PIC = NO;
				GCC_NO_COMMON_BLOCKS = YES;
				GCC_OPTIMIZATION_LEVEL = 0;
				GCC_PREPROCESSOR_DEFINITIONS = (
					"DEBUG=1",
					"$(inherited)",
				);
				GCC_WARN_64_TO_32_BIT_CONVERSION = YES;
				GCC_WARN_ABOUT_RETURN_TYPE = YES_ERROR;
				GCC_WARN_UNDECLARED_SELECTOR = YES;
				GCC_WARN_UNINITIALIZED_AUTOS = YES_AGGRESSIVE;
				GCC_WARN_UNUSED_FUNCTION = YES;
				GCC_WARN_UNUSED_VARIABLE = YES;
				IPHONEOS_DEPLOYMENT_TARGET = 14.3;
				MTL_ENABLE_DEBUG_INFO = INCLUDE_SOURCE;
				MTL_FAST_MATH = YES;
				ONLY_ACTIVE_ARCH = YES;
				SDKROOT = iphoneos;
				SWIFT_ACTIVE_COMPILATION_CONDITIONS = DEBUG;
				SWIFT_OPTIMIZATION_LEVEL = "-Onone";
			};
			name = Debug;
		};
		66A306CE25AC260B00083BE5 /* Release */ = {
			isa = XCBuildConfiguration;
			buildSettings = {
				ALWAYS_SEARCH_USER_PATHS = NO;
				CLANG_ANALYZER_NONNULL = YES;
				CLANG_ANALYZER_NUMBER_OBJECT_CONVERSION = YES_AGGRESSIVE;
				CLANG_CXX_LANGUAGE_STANDARD = "gnu++14";
				CLANG_CXX_LIBRARY = "libc++";
				CLANG_ENABLE_MODULES = YES;
				CLANG_ENABLE_OBJC_ARC = YES;
				CLANG_ENABLE_OBJC_WEAK = YES;
				CLANG_WARN_BLOCK_CAPTURE_AUTORELEASING = YES;
				CLANG_WARN_BOOL_CONVERSION = YES;
				CLANG_WARN_COMMA = YES;
				CLANG_WARN_CONSTANT_CONVERSION = YES;
				CLANG_WARN_DEPRECATED_OBJC_IMPLEMENTATIONS = YES;
				CLANG_WARN_DIRECT_OBJC_ISA_USAGE = YES_ERROR;
				CLANG_WARN_DOCUMENTATION_COMMENTS = YES;
				CLANG_WARN_EMPTY_BODY = YES;
				CLANG_WARN_ENUM_CONVERSION = YES;
				CLANG_WARN_INFINITE_RECURSION = YES;
				CLANG_WARN_INT_CONVERSION = YES;
				CLANG_WARN_NON_LITERAL_NULL_CONVERSION = YES;
				CLANG_WARN_OBJC_IMPLICIT_RETAIN_SELF = YES;
				CLANG_WARN_OBJC_LITERAL_CONVERSION = YES;
				CLANG_WARN_OBJC_ROOT_CLASS = YES_ERROR;
				CLANG_WARN_QUOTED_INCLUDE_IN_FRAMEWORK_HEADER = YES;
				CLANG_WARN_RANGE_LOOP_ANALYSIS = YES;
				CLANG_WARN_STRICT_PROTOTYPES = YES;
				CLANG_WARN_SUSPICIOUS_MOVE = YES;
				CLANG_WARN_UNGUARDED_AVAILABILITY = YES_AGGRESSIVE;
				CLANG_WARN_UNREACHABLE_CODE = YES;
				CLANG_WARN__DUPLICATE_METHOD_MATCH = YES;
				COPY_PHASE_STRIP = NO;
				DEBUG_INFORMATION_FORMAT = "dwarf-with-dsym";
				ENABLE_NS_ASSERTIONS = NO;
				ENABLE_STRICT_OBJC_MSGSEND = YES;
				GCC_C_LANGUAGE_STANDARD = gnu11;
				GCC_NO_COMMON_BLOCKS = YES;
				GCC_WARN_64_TO_32_BIT_CONVERSION = YES;
				GCC_WARN_ABOUT_RETURN_TYPE = YES_ERROR;
				GCC_WARN_UNDECLARED_SELECTOR = YES;
				GCC_WARN_UNINITIALIZED_AUTOS = YES_AGGRESSIVE;
				GCC_WARN_UNUSED_FUNCTION = YES;
				GCC_WARN_UNUSED_VARIABLE = YES;
				IPHONEOS_DEPLOYMENT_TARGET = 14.3;
				MTL_ENABLE_DEBUG_INFO = NO;
				MTL_FAST_MATH = YES;
				SDKROOT = iphoneos;
				SWIFT_COMPILATION_MODE = wholemodule;
				SWIFT_OPTIMIZATION_LEVEL = "-O";
				VALIDATE_PRODUCT = YES;
			};
			name = Release;
		};
		66A306D025AC260B00083BE5 /* Debug */ = {
			isa = XCBuildConfiguration;
			buildSettings = {
				ASSETCATALOG_COMPILER_APPICON_NAME = AppIcon;
				ASSETCATALOG_COMPILER_GLOBAL_ACCENT_COLOR_NAME = AccentColor;
				CODE_SIGN_STYLE = Automatic;
				DEVELOPMENT_TEAM = VNYEY978XP;
				INFOPLIST_FILE = AVMIDIPlayerSanityCheck/Info.plist;
				LD_RUNPATH_SEARCH_PATHS = (
					"$(inherited)",
					"@executable_path/Frameworks",
				);
				PRODUCT_BUNDLE_IDENTIFIER = com.hirsh.AVMIDIPlayerSanityCheck;
				PRODUCT_NAME = "$(TARGET_NAME)";
				SWIFT_VERSION = 5.0;
				TARGETED_DEVICE_FAMILY = "1,2";
			};
			name = Debug;
		};
		66A306D125AC260B00083BE5 /* Release */ = {
			isa = XCBuildConfiguration;
			buildSettings = {
				ASSETCATALOG_COMPILER_APPICON_NAME = AppIcon;
				ASSETCATALOG_COMPILER_GLOBAL_ACCENT_COLOR_NAME = AccentColor;
				CODE_SIGN_STYLE = Automatic;
				DEVELOPMENT_TEAM = VNYEY978XP;
				INFOPLIST_FILE = AVMIDIPlayerSanityCheck/Info.plist;
				LD_RUNPATH_SEARCH_PATHS = (
					"$(inherited)",
					"@executable_path/Frameworks",
				);
				PRODUCT_BUNDLE_IDENTIFIER = com.hirsh.AVMIDIPlayerSanityCheck;
				PRODUCT_NAME = "$(TARGET_NAME)";
				SWIFT_VERSION = 5.0;
				TARGETED_DEVICE_FAMILY = "1,2";
			};
			name = Release;
		};
/* End XCBuildConfiguration section */

/* Begin XCConfigurationList section */
		66A306B625AC260A00083BE5 /* Build configuration list for PBXProject "AVMIDIPlayerSanityCheck" */ = {
			isa = XCConfigurationList;
			buildConfigurations = (
				66A306CD25AC260B00083BE5 /* Debug */,
				66A306CE25AC260B00083BE5 /* Release */,
			);
			defaultConfigurationIsVisible = 0;
			defaultConfigurationName = Release;
		};
		66A306CF25AC260B00083BE5 /* Build configuration list for PBXNativeTarget "AVMIDIPlayerSanityCheck" */ = {
			isa = XCConfigurationList;
			buildConfigurations = (
				66A306D025AC260B00083BE5 /* Debug */,
				66A306D125AC260B00083BE5 /* Release */,
			);
			defaultConfigurationIsVisible = 0;
			defaultConfigurationName = Release;
		};
/* End XCConfigurationList section */
	};
	rootObject = 66A306B325AC260A00083BE5 /* Project object */;
}
